Microsoft Visual Studio Solution File, Format Version 12.00
# Visual Studio 15
VisualStudioVersion = 15.0.27130.2010
MinimumVisualStudioVersion = 10.0.40219.1
Project("{FAE04EC0-301F-11D3-BF4B-00C04F79EFBC}") = "unipao", "unipao\unipao.csproj", "{2C974EE9-AAA3-4619-B08A-0B992147A9E8}"
EndProject
Project("{FAE04EC0-301F-11D3-BF4B-00C04F79EFBC}") = "ReactNative", "..\node_modules\react-native-windows\ReactWindows\ReactNative\ReactNative.csproj", "{C7673AD5-E3AA-468C-A5FD-FA38154E205C}"
EndProject
Project("{D954291E-2A0B-460D-934E-DC6B0785DB48}") = "ReactNative.Shared", "..\node_modules\react-native-windows\ReactWindows\ReactNative.Shared\ReactNative.Shared.shproj", "{EEA8B852-4D07-48E1-8294-A21AB5909FE5}"
EndProject
Project("{8BC9CEB8-8B4A-11D0-8D11-00A0C91BC942}") = "ChakraBridge", "..\node_modules\react-native-windows\ReactWindows\ChakraBridge\ChakraBridge.vcxproj", "{4B72C796-16D5-4E3A-81C0-3E36F531E578}"
EndProject
Project("{FAE04EC0-301F-11D3-BF4B-00C04F79EFBC}") = "ReactNativeWebViewBridge", "..\node_modules\react-native-windows\ReactWindows\ReactNativeWebViewBridge\ReactNativeWebViewBridge.csproj", "{7596216B-669C-41F8-86DA-F3637F6545C0}"
EndProject
Project("{FAE04EC0-301F-11D3-BF4B-00C04F79EFBC}") = "RNDeviceInfo", "..\node_modules\react-native-device-info\windows\RNDeviceInfo\RNDeviceInfo.csproj", "{C56790CE-79E5-4D7D-BEB7-8403E70BB0E4}"
EndProject
Project("{FAE04EC0-301F-11D3-BF4B-00C04F79EFBC}") = "CodePush", "..\node_modules\react-native-code-push\windows\CodePush\CodePush.csproj", "{446A85D9-55EB-4C7D-8B9D-448306C833D6}"
EndProject
Project("{FAE04EC0-301F-11D3-BF4B-00C04F79EFBC}") = "RNShare", "..\node_modules\react-native-share\windows\RNShare\RNShare.csproj", "{4ACDD44C-E556-423E-BD74-B4CEF3E67FF0}"
EndProject
Project("{FAE04EC0-301F-11D3-BF4B-00C04F79EFBC}") = "RNFS", "..\node_modules\react-native-fs\windows\RNFS\RNFS.csproj", "{746610D0-8693-11E7-A20D-BF83F7366778}"
EndProject
Global
	GlobalSection(SharedMSBuildProjectFiles) = preSolution
		..\node_modules\react-native-code-push\windows\CodePush.Shared\CodePush.Shared.projitems*{446a85d9-55eb-4c7d-8b9d-448306c833d6}*SharedItemsImports = 4
		..\node_modules\react-native-windows\ReactWindows\ReactNative.Shared\ReactNative.Shared.projitems*{c7673ad5-e3aa-468c-a5fd-fa38154e205c}*SharedItemsImports = 4
		..\node_modules\react-native-windows\ReactWindows\ReactNative.Shared\ReactNative.Shared.projitems*{eea8b852-4d07-48e1-8294-a21ab5909fe5}*SharedItemsImports = 13
	EndGlobalSection
	GlobalSection(SolutionConfigurationPlatforms) = preSolution
		Beta|Any CPU = Beta|Any CPU
		Beta|ARM = Beta|ARM
		Beta|x64 = Beta|x64
		Beta|x86 = Beta|x86
		BetaBundle|Any CPU = BetaBundle|Any CPU
		BetaBundle|ARM = BetaBundle|ARM
		BetaBundle|x64 = BetaBundle|x64
		BetaBundle|x86 = BetaBundle|x86
		Debug|Any CPU = Debug|Any CPU
		Debug|ARM = Debug|ARM
		Debug|x64 = Debug|x64
		Debug|x86 = Debug|x86
		DebugBundle|Any CPU = DebugBundle|Any CPU
		DebugBundle|ARM = DebugBundle|ARM
		DebugBundle|x64 = DebugBundle|x64
		DebugBundle|x86 = DebugBundle|x86
		Development|Any CPU = Development|Any CPU
		Development|ARM = Development|ARM
		Development|x64 = Development|x64
		Development|x86 = Development|x86
		Release|Any CPU = Release|Any CPU
		Release|ARM = Release|ARM
		Release|x64 = Release|x64
		Release|x86 = Release|x86
		ReleaseBundle|Any CPU = ReleaseBundle|Any CPU
		ReleaseBundle|ARM = ReleaseBundle|ARM
		ReleaseBundle|x64 = ReleaseBundle|x64
		ReleaseBundle|x86 = ReleaseBundle|x86
	EndGlobalSection
	GlobalSection(ProjectConfigurationPlatforms) = postSolution
		{2C974EE9-AAA3-4619-B08A-0B992147A9E8}.Beta|Any CPU.ActiveCfg = Beta|x86
		{2C974EE9-AAA3-4619-B08A-0B992147A9E8}.Beta|ARM.ActiveCfg = Beta|ARM
		{2C974EE9-AAA3-4619-B08A-0B992147A9E8}.Beta|ARM.Build.0 = Beta|ARM
		{2C974EE9-AAA3-4619-B08A-0B992147A9E8}.Beta|ARM.Deploy.0 = Beta|ARM
		{2C974EE9-AAA3-4619-B08A-0B992147A9E8}.Beta|x64.ActiveCfg = Beta|x64
		{2C974EE9-AAA3-4619-B08A-0B992147A9E8}.Beta|x64.Build.0 = Beta|x64
		{2C974EE9-AAA3-4619-B08A-0B992147A9E8}.Beta|x64.Deploy.0 = Beta|x64
		{2C974EE9-AAA3-4619-B08A-0B992147A9E8}.Beta|x86.ActiveCfg = Beta|x86
		{2C974EE9-AAA3-4619-B08A-0B992147A9E8}.Beta|x86.Build.0 = Beta|x86
		{2C974EE9-AAA3-4619-B08A-0B992147A9E8}.Beta|x86.Deploy.0 = Beta|x86
		{2C974EE9-AAA3-4619-B08A-0B992147A9E8}.BetaBundle|Any CPU.ActiveCfg = BetaBundle|x86
		{2C974EE9-AAA3-4619-B08A-0B992147A9E8}.BetaBundle|ARM.ActiveCfg = BetaBundle|ARM
		{2C974EE9-AAA3-4619-B08A-0B992147A9E8}.BetaBundle|ARM.Build.0 = BetaBundle|ARM
		{2C974EE9-AAA3-4619-B08A-0B992147A9E8}.BetaBundle|ARM.Deploy.0 = BetaBundle|ARM
		{2C974EE9-AAA3-4619-B08A-0B992147A9E8}.BetaBundle|x64.ActiveCfg = BetaBundle|x64
		{2C974EE9-AAA3-4619-B08A-0B992147A9E8}.BetaBundle|x64.Build.0 = BetaBundle|x64
		{2C974EE9-AAA3-4619-B08A-0B992147A9E8}.BetaBundle|x64.Deploy.0 = BetaBundle|x64
		{2C974EE9-AAA3-4619-B08A-0B992147A9E8}.BetaBundle|x86.ActiveCfg = BetaBundle|x86
		{2C974EE9-AAA3-4619-B08A-0B992147A9E8}.BetaBundle|x86.Build.0 = BetaBundle|x86
		{2C974EE9-AAA3-4619-B08A-0B992147A9E8}.BetaBundle|x86.Deploy.0 = BetaBundle|x86
		{2C974EE9-AAA3-4619-B08A-0B992147A9E8}.Debug|Any CPU.ActiveCfg = Debug|x86
		{2C974EE9-AAA3-4619-B08A-0B992147A9E8}.Debug|ARM.ActiveCfg = Debug|ARM
		{2C974EE9-AAA3-4619-B08A-0B992147A9E8}.Debug|ARM.Build.0 = Debug|ARM
		{2C974EE9-AAA3-4619-B08A-0B992147A9E8}.Debug|ARM.Deploy.0 = Debug|ARM
		{2C974EE9-AAA3-4619-B08A-0B992147A9E8}.Debug|x64.ActiveCfg = Debug|x64
		{2C974EE9-AAA3-4619-B08A-0B992147A9E8}.Debug|x64.Build.0 = Debug|x64
		{2C974EE9-AAA3-4619-B08A-0B992147A9E8}.Debug|x64.Deploy.0 = Debug|x64
		{2C974EE9-AAA3-4619-B08A-0B992147A9E8}.Debug|x86.ActiveCfg = Debug|x86
		{2C974EE9-AAA3-4619-B08A-0B992147A9E8}.Debug|x86.Build.0 = Debug|x86
		{2C974EE9-AAA3-4619-B08A-0B992147A9E8}.Debug|x86.Deploy.0 = Debug|x86
		{2C974EE9-AAA3-4619-B08A-0B992147A9E8}.DebugBundle|Any CPU.ActiveCfg = DebugBundle|x86
		{2C974EE9-AAA3-4619-B08A-0B992147A9E8}.DebugBundle|ARM.ActiveCfg = DebugBundle|ARM
		{2C974EE9-AAA3-4619-B08A-0B992147A9E8}.DebugBundle|ARM.Build.0 = DebugBundle|ARM
		{2C974EE9-AAA3-4619-B08A-0B992147A9E8}.DebugBundle|ARM.Deploy.0 = DebugBundle|ARM
		{2C974EE9-AAA3-4619-B08A-0B992147A9E8}.DebugBundle|x64.ActiveCfg = DebugBundle|x64
		{2C974EE9-AAA3-4619-B08A-0B992147A9E8}.DebugBundle|x64.Build.0 = DebugBundle|x64
		{2C974EE9-AAA3-4619-B08A-0B992147A9E8}.DebugBundle|x64.Deploy.0 = DebugBundle|x64
		{2C974EE9-AAA3-4619-B08A-0B992147A9E8}.DebugBundle|x86.ActiveCfg = DebugBundle|x86
		{2C974EE9-AAA3-4619-B08A-0B992147A9E8}.DebugBundle|x86.Build.0 = DebugBundle|x86
		{2C974EE9-AAA3-4619-B08A-0B992147A9E8}.DebugBundle|x86.Deploy.0 = DebugBundle|x86
		{2C974EE9-AAA3-4619-B08A-0B992147A9E8}.Development|Any CPU.ActiveCfg = ReleaseBundle|x64
		{2C974EE9-AAA3-4619-B08A-0B992147A9E8}.Development|Any CPU.Build.0 = ReleaseBundle|x64
		{2C974EE9-AAA3-4619-B08A-0B992147A9E8}.Development|Any CPU.Deploy.0 = ReleaseBundle|x64
		{2C974EE9-AAA3-4619-B08A-0B992147A9E8}.Development|ARM.ActiveCfg = DebugBundle|ARM
		{2C974EE9-AAA3-4619-B08A-0B992147A9E8}.Development|ARM.Build.0 = DebugBundle|ARM
		{2C974EE9-AAA3-4619-B08A-0B992147A9E8}.Development|ARM.Deploy.0 = DebugBundle|ARM
		{2C974EE9-AAA3-4619-B08A-0B992147A9E8}.Development|x64.ActiveCfg = DebugBundle|x64
		{2C974EE9-AAA3-4619-B08A-0B992147A9E8}.Development|x64.Build.0 = DebugBundle|x64
		{2C974EE9-AAA3-4619-B08A-0B992147A9E8}.Development|x64.Deploy.0 = DebugBundle|x64
		{2C974EE9-AAA3-4619-B08A-0B992147A9E8}.Development|x86.ActiveCfg = DebugBundle|x86
		{2C974EE9-AAA3-4619-B08A-0B992147A9E8}.Development|x86.Build.0 = DebugBundle|x86
		{2C974EE9-AAA3-4619-B08A-0B992147A9E8}.Development|x86.Deploy.0 = DebugBundle|x86
		{2C974EE9-AAA3-4619-B08A-0B992147A9E8}.Release|Any CPU.ActiveCfg = Release|x86
		{2C974EE9-AAA3-4619-B08A-0B992147A9E8}.Release|ARM.ActiveCfg = Release|ARM
		{2C974EE9-AAA3-4619-B08A-0B992147A9E8}.Release|ARM.Build.0 = Release|ARM
		{2C974EE9-AAA3-4619-B08A-0B992147A9E8}.Release|ARM.Deploy.0 = Release|ARM
		{2C974EE9-AAA3-4619-B08A-0B992147A9E8}.Release|x64.ActiveCfg = Release|x64
		{2C974EE9-AAA3-4619-B08A-0B992147A9E8}.Release|x64.Build.0 = Release|x64
		{2C974EE9-AAA3-4619-B08A-0B992147A9E8}.Release|x64.Deploy.0 = Release|x64
		{2C974EE9-AAA3-4619-B08A-0B992147A9E8}.Release|x86.ActiveCfg = Release|x86
		{2C974EE9-AAA3-4619-B08A-0B992147A9E8}.Release|x86.Build.0 = Release|x86
		{2C974EE9-AAA3-4619-B08A-0B992147A9E8}.Release|x86.Deploy.0 = Release|x86
		{2C974EE9-AAA3-4619-B08A-0B992147A9E8}.ReleaseBundle|Any CPU.ActiveCfg = ReleaseBundle|x86
		{2C974EE9-AAA3-4619-B08A-0B992147A9E8}.ReleaseBundle|ARM.ActiveCfg = ReleaseBundle|ARM
		{2C974EE9-AAA3-4619-B08A-0B992147A9E8}.ReleaseBundle|ARM.Build.0 = ReleaseBundle|ARM
		{2C974EE9-AAA3-4619-B08A-0B992147A9E8}.ReleaseBundle|ARM.Deploy.0 = ReleaseBundle|ARM
		{2C974EE9-AAA3-4619-B08A-0B992147A9E8}.ReleaseBundle|x64.ActiveCfg = ReleaseBundle|x64
		{2C974EE9-AAA3-4619-B08A-0B992147A9E8}.ReleaseBundle|x64.Build.0 = ReleaseBundle|x64
		{2C974EE9-AAA3-4619-B08A-0B992147A9E8}.ReleaseBundle|x64.Deploy.0 = ReleaseBundle|x64
		{2C974EE9-AAA3-4619-B08A-0B992147A9E8}.ReleaseBundle|x86.ActiveCfg = ReleaseBundle|x86
		{2C974EE9-AAA3-4619-B08A-0B992147A9E8}.ReleaseBundle|x86.Build.0 = ReleaseBundle|x86
		{2C974EE9-AAA3-4619-B08A-0B992147A9E8}.ReleaseBundle|x86.Deploy.0 = ReleaseBundle|x86
		{C7673AD5-E3AA-468C-A5FD-FA38154E205C}.Beta|Any CPU.ActiveCfg = Release|x86
		{C7673AD5-E3AA-468C-A5FD-FA38154E205C}.Beta|ARM.ActiveCfg = Release|ARM
		{C7673AD5-E3AA-468C-A5FD-FA38154E205C}.Beta|ARM.Build.0 = Release|ARM
		{C7673AD5-E3AA-468C-A5FD-FA38154E205C}.Beta|x64.ActiveCfg = Release|x64
		{C7673AD5-E3AA-468C-A5FD-FA38154E205C}.Beta|x64.Build.0 = Release|x64
		{C7673AD5-E3AA-468C-A5FD-FA38154E205C}.Beta|x86.ActiveCfg = Release|x86
		{C7673AD5-E3AA-468C-A5FD-FA38154E205C}.Beta|x86.Build.0 = Release|x86
		{C7673AD5-E3AA-468C-A5FD-FA38154E205C}.BetaBundle|Any CPU.ActiveCfg = Release|x86
		{C7673AD5-E3AA-468C-A5FD-FA38154E205C}.BetaBundle|Any CPU.Build.0 = Release|x86
		{C7673AD5-E3AA-468C-A5FD-FA38154E205C}.BetaBundle|ARM.ActiveCfg = Release|ARM
		{C7673AD5-E3AA-468C-A5FD-FA38154E205C}.BetaBundle|ARM.Build.0 = Release|ARM
		{C7673AD5-E3AA-468C-A5FD-FA38154E205C}.BetaBundle|x64.ActiveCfg = Release|x64
		{C7673AD5-E3AA-468C-A5FD-FA38154E205C}.BetaBundle|x64.Build.0 = Release|x64
		{C7673AD5-E3AA-468C-A5FD-FA38154E205C}.BetaBundle|x86.ActiveCfg = Release|x86
		{C7673AD5-E3AA-468C-A5FD-FA38154E205C}.BetaBundle|x86.Build.0 = Release|x86
		{C7673AD5-E3AA-468C-A5FD-FA38154E205C}.Debug|Any CPU.ActiveCfg = Debug|x86
		{C7673AD5-E3AA-468C-A5FD-FA38154E205C}.Debug|ARM.ActiveCfg = Debug|ARM
		{C7673AD5-E3AA-468C-A5FD-FA38154E205C}.Debug|ARM.Build.0 = Debug|ARM
		{C7673AD5-E3AA-468C-A5FD-FA38154E205C}.Debug|x64.ActiveCfg = Debug|x64
		{C7673AD5-E3AA-468C-A5FD-FA38154E205C}.Debug|x64.Build.0 = Debug|x64
		{C7673AD5-E3AA-468C-A5FD-FA38154E205C}.Debug|x86.ActiveCfg = Debug|x86
		{C7673AD5-E3AA-468C-A5FD-FA38154E205C}.Debug|x86.Build.0 = Debug|x86
		{C7673AD5-E3AA-468C-A5FD-FA38154E205C}.DebugBundle|Any CPU.ActiveCfg = Release|x86
		{C7673AD5-E3AA-468C-A5FD-FA38154E205C}.DebugBundle|Any CPU.Build.0 = Release|x86
		{C7673AD5-E3AA-468C-A5FD-FA38154E205C}.DebugBundle|ARM.ActiveCfg = Debug|ARM
		{C7673AD5-E3AA-468C-A5FD-FA38154E205C}.DebugBundle|ARM.Build.0 = Debug|ARM
		{C7673AD5-E3AA-468C-A5FD-FA38154E205C}.DebugBundle|x64.ActiveCfg = Debug|x64
		{C7673AD5-E3AA-468C-A5FD-FA38154E205C}.DebugBundle|x64.Build.0 = Debug|x64
		{C7673AD5-E3AA-468C-A5FD-FA38154E205C}.DebugBundle|x86.ActiveCfg = Debug|x86
		{C7673AD5-E3AA-468C-A5FD-FA38154E205C}.DebugBundle|x86.Build.0 = Debug|x86
		{C7673AD5-E3AA-468C-A5FD-FA38154E205C}.Development|Any CPU.ActiveCfg = Release|x64
		{C7673AD5-E3AA-468C-A5FD-FA38154E205C}.Development|Any CPU.Build.0 = Release|x64
		{C7673AD5-E3AA-468C-A5FD-FA38154E205C}.Development|ARM.ActiveCfg = Debug|ARM
		{C7673AD5-E3AA-468C-A5FD-FA38154E205C}.Development|ARM.Build.0 = Debug|ARM
		{C7673AD5-E3AA-468C-A5FD-FA38154E205C}.Development|x64.ActiveCfg = Debug|x64
		{C7673AD5-E3AA-468C-A5FD-FA38154E205C}.Development|x64.Build.0 = Debug|x64
		{C7673AD5-E3AA-468C-A5FD-FA38154E205C}.Development|x86.ActiveCfg = Debug|x86
		{C7673AD5-E3AA-468C-A5FD-FA38154E205C}.Development|x86.Build.0 = Debug|x86
		{C7673AD5-E3AA-468C-A5FD-FA38154E205C}.Release|Any CPU.ActiveCfg = Release|x86
		{C7673AD5-E3AA-468C-A5FD-FA38154E205C}.Release|ARM.ActiveCfg = Release|ARM
		{C7673AD5-E3AA-468C-A5FD-FA38154E205C}.Release|ARM.Build.0 = Release|ARM
		{C7673AD5-E3AA-468C-A5FD-FA38154E205C}.Release|x64.ActiveCfg = Release|x64
		{C7673AD5-E3AA-468C-A5FD-FA38154E205C}.Release|x64.Build.0 = Release|x64
		{C7673AD5-E3AA-468C-A5FD-FA38154E205C}.Release|x86.ActiveCfg = Release|x86
		{C7673AD5-E3AA-468C-A5FD-FA38154E205C}.Release|x86.Build.0 = Release|x86
		{C7673AD5-E3AA-468C-A5FD-FA38154E205C}.ReleaseBundle|Any CPU.ActiveCfg = Release|x86
		{C7673AD5-E3AA-468C-A5FD-FA38154E205C}.ReleaseBundle|Any CPU.Build.0 = Release|x86
		{C7673AD5-E3AA-468C-A5FD-FA38154E205C}.ReleaseBundle|ARM.ActiveCfg = Release|ARM
		{C7673AD5-E3AA-468C-A5FD-FA38154E205C}.ReleaseBundle|ARM.Build.0 = Release|ARM
		{C7673AD5-E3AA-468C-A5FD-FA38154E205C}.ReleaseBundle|x64.ActiveCfg = Release|x64
		{C7673AD5-E3AA-468C-A5FD-FA38154E205C}.ReleaseBundle|x64.Build.0 = Release|x64
		{C7673AD5-E3AA-468C-A5FD-FA38154E205C}.ReleaseBundle|x86.ActiveCfg = Release|x86
		{C7673AD5-E3AA-468C-A5FD-FA38154E205C}.ReleaseBundle|x86.Build.0 = Release|x86
		{4B72C796-16D5-4E3A-81C0-3E36F531E578}.Beta|Any CPU.ActiveCfg = Release|Win32
		{4B72C796-16D5-4E3A-81C0-3E36F531E578}.Beta|ARM.ActiveCfg = Release|ARM
		{4B72C796-16D5-4E3A-81C0-3E36F531E578}.Beta|ARM.Build.0 = Release|ARM
		{4B72C796-16D5-4E3A-81C0-3E36F531E578}.Beta|x64.ActiveCfg = Release|x64
		{4B72C796-16D5-4E3A-81C0-3E36F531E578}.Beta|x64.Build.0 = Release|x64
		{4B72C796-16D5-4E3A-81C0-3E36F531E578}.Beta|x86.ActiveCfg = Release|Win32
		{4B72C796-16D5-4E3A-81C0-3E36F531E578}.Beta|x86.Build.0 = Release|Win32
		{4B72C796-16D5-4E3A-81C0-3E36F531E578}.BetaBundle|Any CPU.ActiveCfg = Release|Win32
		{4B72C796-16D5-4E3A-81C0-3E36F531E578}.BetaBundle|Any CPU.Build.0 = Release|Win32
		{4B72C796-16D5-4E3A-81C0-3E36F531E578}.BetaBundle|ARM.ActiveCfg = Release|ARM
		{4B72C796-16D5-4E3A-81C0-3E36F531E578}.BetaBundle|ARM.Build.0 = Release|ARM
		{4B72C796-16D5-4E3A-81C0-3E36F531E578}.BetaBundle|x64.ActiveCfg = Release|x64
		{4B72C796-16D5-4E3A-81C0-3E36F531E578}.BetaBundle|x64.Build.0 = Release|x64
		{4B72C796-16D5-4E3A-81C0-3E36F531E578}.BetaBundle|x86.ActiveCfg = Release|Win32
		{4B72C796-16D5-4E3A-81C0-3E36F531E578}.BetaBundle|x86.Build.0 = Release|Win32
		{4B72C796-16D5-4E3A-81C0-3E36F531E578}.Debug|Any CPU.ActiveCfg = Debug|Win32
		{4B72C796-16D5-4E3A-81C0-3E36F531E578}.Debug|ARM.ActiveCfg = Debug|ARM
		{4B72C796-16D5-4E3A-81C0-3E36F531E578}.Debug|ARM.Build.0 = Debug|ARM
		{4B72C796-16D5-4E3A-81C0-3E36F531E578}.Debug|x64.ActiveCfg = Debug|x64
		{4B72C796-16D5-4E3A-81C0-3E36F531E578}.Debug|x64.Build.0 = Debug|x64
		{4B72C796-16D5-4E3A-81C0-3E36F531E578}.Debug|x86.ActiveCfg = Debug|Win32
		{4B72C796-16D5-4E3A-81C0-3E36F531E578}.Debug|x86.Build.0 = Debug|Win32
		{4B72C796-16D5-4E3A-81C0-3E36F531E578}.DebugBundle|Any CPU.ActiveCfg = Release|Win32
		{4B72C796-16D5-4E3A-81C0-3E36F531E578}.DebugBundle|Any CPU.Build.0 = Release|Win32
		{4B72C796-16D5-4E3A-81C0-3E36F531E578}.DebugBundle|ARM.ActiveCfg = Debug|ARM
		{4B72C796-16D5-4E3A-81C0-3E36F531E578}.DebugBundle|ARM.Build.0 = Debug|ARM
		{4B72C796-16D5-4E3A-81C0-3E36F531E578}.DebugBundle|x64.ActiveCfg = Debug|x64
		{4B72C796-16D5-4E3A-81C0-3E36F531E578}.DebugBundle|x64.Build.0 = Debug|x64
		{4B72C796-16D5-4E3A-81C0-3E36F531E578}.DebugBundle|x86.ActiveCfg = Debug|Win32
		{4B72C796-16D5-4E3A-81C0-3E36F531E578}.DebugBundle|x86.Build.0 = Debug|Win32
		{4B72C796-16D5-4E3A-81C0-3E36F531E578}.Development|Any CPU.ActiveCfg = Release|x64
		{4B72C796-16D5-4E3A-81C0-3E36F531E578}.Development|Any CPU.Build.0 = Release|x64
		{4B72C796-16D5-4E3A-81C0-3E36F531E578}.Development|ARM.ActiveCfg = Debug|ARM
		{4B72C796-16D5-4E3A-81C0-3E36F531E578}.Development|ARM.Build.0 = Debug|ARM
		{4B72C796-16D5-4E3A-81C0-3E36F531E578}.Development|x64.ActiveCfg = Debug|x64
		{4B72C796-16D5-4E3A-81C0-3E36F531E578}.Development|x64.Build.0 = Debug|x64
		{4B72C796-16D5-4E3A-81C0-3E36F531E578}.Development|x86.ActiveCfg = Debug|Win32
		{4B72C796-16D5-4E3A-81C0-3E36F531E578}.Development|x86.Build.0 = Debug|Win32
		{4B72C796-16D5-4E3A-81C0-3E36F531E578}.Release|Any CPU.ActiveCfg = Release|Win32
		{4B72C796-16D5-4E3A-81C0-3E36F531E578}.Release|ARM.ActiveCfg = Release|ARM
		{4B72C796-16D5-4E3A-81C0-3E36F531E578}.Release|ARM.Build.0 = Release|ARM
		{4B72C796-16D5-4E3A-81C0-3E36F531E578}.Release|x64.ActiveCfg = Release|x64
		{4B72C796-16D5-4E3A-81C0-3E36F531E578}.Release|x64.Build.0 = Release|x64
		{4B72C796-16D5-4E3A-81C0-3E36F531E578}.Release|x86.ActiveCfg = Release|Win32
		{4B72C796-16D5-4E3A-81C0-3E36F531E578}.Release|x86.Build.0 = Release|Win32
		{4B72C796-16D5-4E3A-81C0-3E36F531E578}.ReleaseBundle|Any CPU.ActiveCfg = Release|Win32
		{4B72C796-16D5-4E3A-81C0-3E36F531E578}.ReleaseBundle|Any CPU.Build.0 = Release|Win32
		{4B72C796-16D5-4E3A-81C0-3E36F531E578}.ReleaseBundle|ARM.ActiveCfg = Release|ARM
		{4B72C796-16D5-4E3A-81C0-3E36F531E578}.ReleaseBundle|ARM.Build.0 = Release|ARM
		{4B72C796-16D5-4E3A-81C0-3E36F531E578}.ReleaseBundle|x64.ActiveCfg = Release|x64
		{4B72C796-16D5-4E3A-81C0-3E36F531E578}.ReleaseBundle|x64.Build.0 = Release|x64
		{4B72C796-16D5-4E3A-81C0-3E36F531E578}.ReleaseBundle|x86.ActiveCfg = Release|Win32
		{4B72C796-16D5-4E3A-81C0-3E36F531E578}.ReleaseBundle|x86.Build.0 = Release|Win32
		{7596216B-669C-41F8-86DA-F3637F6545C0}.Beta|Any CPU.ActiveCfg = Release|x86
		{7596216B-669C-41F8-86DA-F3637F6545C0}.Beta|ARM.ActiveCfg = Release|ARM
		{7596216B-669C-41F8-86DA-F3637F6545C0}.Beta|ARM.Build.0 = Release|ARM
		{7596216B-669C-41F8-86DA-F3637F6545C0}.Beta|x64.ActiveCfg = Release|x64
		{7596216B-669C-41F8-86DA-F3637F6545C0}.Beta|x64.Build.0 = Release|x64
		{7596216B-669C-41F8-86DA-F3637F6545C0}.Beta|x86.ActiveCfg = Release|x86
		{7596216B-669C-41F8-86DA-F3637F6545C0}.Beta|x86.Build.0 = Release|x86
		{7596216B-669C-41F8-86DA-F3637F6545C0}.BetaBundle|Any CPU.ActiveCfg = Release|x86
		{7596216B-669C-41F8-86DA-F3637F6545C0}.BetaBundle|Any CPU.Build.0 = Release|x86
		{7596216B-669C-41F8-86DA-F3637F6545C0}.BetaBundle|ARM.ActiveCfg = Release|ARM
		{7596216B-669C-41F8-86DA-F3637F6545C0}.BetaBundle|ARM.Build.0 = Release|ARM
		{7596216B-669C-41F8-86DA-F3637F6545C0}.BetaBundle|x64.ActiveCfg = Release|x64
		{7596216B-669C-41F8-86DA-F3637F6545C0}.BetaBundle|x64.Build.0 = Release|x64
		{7596216B-669C-41F8-86DA-F3637F6545C0}.BetaBundle|x86.ActiveCfg = Release|x86
		{7596216B-669C-41F8-86DA-F3637F6545C0}.BetaBundle|x86.Build.0 = Release|x86
		{7596216B-669C-41F8-86DA-F3637F6545C0}.Debug|Any CPU.ActiveCfg = Debug|x86
		{7596216B-669C-41F8-86DA-F3637F6545C0}.Debug|ARM.ActiveCfg = Debug|ARM
		{7596216B-669C-41F8-86DA-F3637F6545C0}.Debug|ARM.Build.0 = Debug|ARM
		{7596216B-669C-41F8-86DA-F3637F6545C0}.Debug|x64.ActiveCfg = Debug|x64
		{7596216B-669C-41F8-86DA-F3637F6545C0}.Debug|x64.Build.0 = Debug|x64
		{7596216B-669C-41F8-86DA-F3637F6545C0}.Debug|x86.ActiveCfg = Debug|x86
		{7596216B-669C-41F8-86DA-F3637F6545C0}.Debug|x86.Build.0 = Debug|x86
		{7596216B-669C-41F8-86DA-F3637F6545C0}.DebugBundle|Any CPU.ActiveCfg = Release|x86
		{7596216B-669C-41F8-86DA-F3637F6545C0}.DebugBundle|Any CPU.Build.0 = Release|x86
		{7596216B-669C-41F8-86DA-F3637F6545C0}.DebugBundle|ARM.ActiveCfg = Debug|ARM
		{7596216B-669C-41F8-86DA-F3637F6545C0}.DebugBundle|ARM.Build.0 = Debug|ARM
		{7596216B-669C-41F8-86DA-F3637F6545C0}.DebugBundle|x64.ActiveCfg = Debug|x64
		{7596216B-669C-41F8-86DA-F3637F6545C0}.DebugBundle|x64.Build.0 = Debug|x64
		{7596216B-669C-41F8-86DA-F3637F6545C0}.DebugBundle|x86.ActiveCfg = Debug|x86
		{7596216B-669C-41F8-86DA-F3637F6545C0}.DebugBundle|x86.Build.0 = Debug|x86
		{7596216B-669C-41F8-86DA-F3637F6545C0}.Development|Any CPU.ActiveCfg = Release|x64
		{7596216B-669C-41F8-86DA-F3637F6545C0}.Development|Any CPU.Build.0 = Release|x64
		{7596216B-669C-41F8-86DA-F3637F6545C0}.Development|ARM.ActiveCfg = Debug|ARM
		{7596216B-669C-41F8-86DA-F3637F6545C0}.Development|ARM.Build.0 = Debug|ARM
		{7596216B-669C-41F8-86DA-F3637F6545C0}.Development|x64.ActiveCfg = Debug|x64
		{7596216B-669C-41F8-86DA-F3637F6545C0}.Development|x64.Build.0 = Debug|x64
		{7596216B-669C-41F8-86DA-F3637F6545C0}.Development|x86.ActiveCfg = Debug|x86
		{7596216B-669C-41F8-86DA-F3637F6545C0}.Development|x86.Build.0 = Debug|x86
		{7596216B-669C-41F8-86DA-F3637F6545C0}.Release|Any CPU.ActiveCfg = Release|x86
		{7596216B-669C-41F8-86DA-F3637F6545C0}.Release|ARM.ActiveCfg = Release|ARM
		{7596216B-669C-41F8-86DA-F3637F6545C0}.Release|ARM.Build.0 = Release|ARM
		{7596216B-669C-41F8-86DA-F3637F6545C0}.Release|x64.ActiveCfg = Release|x64
		{7596216B-669C-41F8-86DA-F3637F6545C0}.Release|x64.Build.0 = Release|x64
		{7596216B-669C-41F8-86DA-F3637F6545C0}.Release|x86.ActiveCfg = Release|x86
		{7596216B-669C-41F8-86DA-F3637F6545C0}.Release|x86.Build.0 = Release|x86
		{7596216B-669C-41F8-86DA-F3637F6545C0}.ReleaseBundle|Any CPU.ActiveCfg = Release|x86
		{7596216B-669C-41F8-86DA-F3637F6545C0}.ReleaseBundle|Any CPU.Build.0 = Release|x86
		{7596216B-669C-41F8-86DA-F3637F6545C0}.ReleaseBundle|ARM.ActiveCfg = Release|ARM
		{7596216B-669C-41F8-86DA-F3637F6545C0}.ReleaseBundle|ARM.Build.0 = Release|ARM
		{7596216B-669C-41F8-86DA-F3637F6545C0}.ReleaseBundle|x64.ActiveCfg = Release|x64
		{7596216B-669C-41F8-86DA-F3637F6545C0}.ReleaseBundle|x64.Build.0 = Release|x64
		{7596216B-669C-41F8-86DA-F3637F6545C0}.ReleaseBundle|x86.ActiveCfg = Release|x86
		{7596216B-669C-41F8-86DA-F3637F6545C0}.ReleaseBundle|x86.Build.0 = Release|x86
		{C56790CE-79E5-4D7D-BEB7-8403E70BB0E4}.Beta|Any CPU.ActiveCfg = Release|Any CPU
		{C56790CE-79E5-4D7D-BEB7-8403E70BB0E4}.Beta|Any CPU.Build.0 = Release|Any CPU
		{C56790CE-79E5-4D7D-BEB7-8403E70BB0E4}.Beta|ARM.ActiveCfg = Release|ARM
		{C56790CE-79E5-4D7D-BEB7-8403E70BB0E4}.Beta|ARM.Build.0 = Release|ARM
		{C56790CE-79E5-4D7D-BEB7-8403E70BB0E4}.Beta|x64.ActiveCfg = Release|x64
		{C56790CE-79E5-4D7D-BEB7-8403E70BB0E4}.Beta|x64.Build.0 = Release|x64
		{C56790CE-79E5-4D7D-BEB7-8403E70BB0E4}.Beta|x86.ActiveCfg = Release|x86
		{C56790CE-79E5-4D7D-BEB7-8403E70BB0E4}.Beta|x86.Build.0 = Release|x86
		{C56790CE-79E5-4D7D-BEB7-8403E70BB0E4}.BetaBundle|Any CPU.ActiveCfg = Release|Any CPU
		{C56790CE-79E5-4D7D-BEB7-8403E70BB0E4}.BetaBundle|Any CPU.Build.0 = Release|Any CPU
		{C56790CE-79E5-4D7D-BEB7-8403E70BB0E4}.BetaBundle|ARM.ActiveCfg = Release|ARM
		{C56790CE-79E5-4D7D-BEB7-8403E70BB0E4}.BetaBundle|ARM.Build.0 = Release|ARM
		{C56790CE-79E5-4D7D-BEB7-8403E70BB0E4}.BetaBundle|x64.ActiveCfg = Release|x64
		{C56790CE-79E5-4D7D-BEB7-8403E70BB0E4}.BetaBundle|x64.Build.0 = Release|x64
		{C56790CE-79E5-4D7D-BEB7-8403E70BB0E4}.BetaBundle|x86.ActiveCfg = Release|x86
		{C56790CE-79E5-4D7D-BEB7-8403E70BB0E4}.BetaBundle|x86.Build.0 = Release|x86
		{C56790CE-79E5-4D7D-BEB7-8403E70BB0E4}.Debug|Any CPU.ActiveCfg = Debug|Any CPU
		{C56790CE-79E5-4D7D-BEB7-8403E70BB0E4}.Debug|Any CPU.Build.0 = Debug|Any CPU
		{C56790CE-79E5-4D7D-BEB7-8403E70BB0E4}.Debug|ARM.ActiveCfg = Debug|ARM
		{C56790CE-79E5-4D7D-BEB7-8403E70BB0E4}.Debug|ARM.Build.0 = Debug|ARM
		{C56790CE-79E5-4D7D-BEB7-8403E70BB0E4}.Debug|x64.ActiveCfg = Debug|x64
		{C56790CE-79E5-4D7D-BEB7-8403E70BB0E4}.Debug|x64.Build.0 = Debug|x64
		{C56790CE-79E5-4D7D-BEB7-8403E70BB0E4}.Debug|x86.ActiveCfg = Debug|x86
		{C56790CE-79E5-4D7D-BEB7-8403E70BB0E4}.Debug|x86.Build.0 = Debug|x86
		{C56790CE-79E5-4D7D-BEB7-8403E70BB0E4}.DebugBundle|Any CPU.ActiveCfg = Debug|Any CPU
		{C56790CE-79E5-4D7D-BEB7-8403E70BB0E4}.DebugBundle|Any CPU.Build.0 = Debug|Any CPU
		{C56790CE-79E5-4D7D-BEB7-8403E70BB0E4}.DebugBundle|ARM.ActiveCfg = Debug|ARM
		{C56790CE-79E5-4D7D-BEB7-8403E70BB0E4}.DebugBundle|ARM.Build.0 = Debug|ARM
		{C56790CE-79E5-4D7D-BEB7-8403E70BB0E4}.DebugBundle|x64.ActiveCfg = Debug|x64
		{C56790CE-79E5-4D7D-BEB7-8403E70BB0E4}.DebugBundle|x64.Build.0 = Debug|x64
		{C56790CE-79E5-4D7D-BEB7-8403E70BB0E4}.DebugBundle|x86.ActiveCfg = Debug|x86
		{C56790CE-79E5-4D7D-BEB7-8403E70BB0E4}.DebugBundle|x86.Build.0 = Debug|x86
		{C56790CE-79E5-4D7D-BEB7-8403E70BB0E4}.Development|Any CPU.ActiveCfg = Debug|Any CPU
		{C56790CE-79E5-4D7D-BEB7-8403E70BB0E4}.Development|Any CPU.Build.0 = Debug|Any CPU
		{C56790CE-79E5-4D7D-BEB7-8403E70BB0E4}.Development|ARM.ActiveCfg = Debug|ARM
		{C56790CE-79E5-4D7D-BEB7-8403E70BB0E4}.Development|ARM.Build.0 = Debug|ARM
		{C56790CE-79E5-4D7D-BEB7-8403E70BB0E4}.Development|x64.ActiveCfg = Debug|x64
		{C56790CE-79E5-4D7D-BEB7-8403E70BB0E4}.Development|x64.Build.0 = Debug|x64
		{C56790CE-79E5-4D7D-BEB7-8403E70BB0E4}.Development|x86.ActiveCfg = Debug|x86
		{C56790CE-79E5-4D7D-BEB7-8403E70BB0E4}.Development|x86.Build.0 = Debug|x86
		{C56790CE-79E5-4D7D-BEB7-8403E70BB0E4}.Release|Any CPU.ActiveCfg = Release|Any CPU
		{C56790CE-79E5-4D7D-BEB7-8403E70BB0E4}.Release|Any CPU.Build.0 = Release|Any CPU
		{C56790CE-79E5-4D7D-BEB7-8403E70BB0E4}.Release|ARM.ActiveCfg = Release|ARM
		{C56790CE-79E5-4D7D-BEB7-8403E70BB0E4}.Release|ARM.Build.0 = Release|ARM
		{C56790CE-79E5-4D7D-BEB7-8403E70BB0E4}.Release|x64.ActiveCfg = Release|x64
		{C56790CE-79E5-4D7D-BEB7-8403E70BB0E4}.Release|x64.Build.0 = Release|x64
		{C56790CE-79E5-4D7D-BEB7-8403E70BB0E4}.Release|x86.ActiveCfg = Release|x86
		{C56790CE-79E5-4D7D-BEB7-8403E70BB0E4}.Release|x86.Build.0 = Release|x86
		{C56790CE-79E5-4D7D-BEB7-8403E70BB0E4}.ReleaseBundle|Any CPU.ActiveCfg = Release|Any CPU
		{C56790CE-79E5-4D7D-BEB7-8403E70BB0E4}.ReleaseBundle|Any CPU.Build.0 = Release|Any CPU
		{C56790CE-79E5-4D7D-BEB7-8403E70BB0E4}.ReleaseBundle|ARM.ActiveCfg = Release|ARM
		{C56790CE-79E5-4D7D-BEB7-8403E70BB0E4}.ReleaseBundle|ARM.Build.0 = Release|ARM
		{C56790CE-79E5-4D7D-BEB7-8403E70BB0E4}.ReleaseBundle|x64.ActiveCfg = Release|x64
		{C56790CE-79E5-4D7D-BEB7-8403E70BB0E4}.ReleaseBundle|x64.Build.0 = Release|x64
		{C56790CE-79E5-4D7D-BEB7-8403E70BB0E4}.ReleaseBundle|x86.ActiveCfg = Release|x86
		{C56790CE-79E5-4D7D-BEB7-8403E70BB0E4}.ReleaseBundle|x86.Build.0 = Release|x86
		{446A85D9-55EB-4C7D-8B9D-448306C833D6}.Beta|Any CPU.ActiveCfg = Release|x86
		{446A85D9-55EB-4C7D-8B9D-448306C833D6}.Beta|ARM.ActiveCfg = Release|ARM
		{446A85D9-55EB-4C7D-8B9D-448306C833D6}.Beta|ARM.Build.0 = Release|ARM
		{446A85D9-55EB-4C7D-8B9D-448306C833D6}.Beta|x64.ActiveCfg = Release|x64
		{446A85D9-55EB-4C7D-8B9D-448306C833D6}.Beta|x64.Build.0 = Release|x64
		{446A85D9-55EB-4C7D-8B9D-448306C833D6}.Beta|x86.ActiveCfg = Release|x86
		{446A85D9-55EB-4C7D-8B9D-448306C833D6}.Beta|x86.Build.0 = Release|x86
		{446A85D9-55EB-4C7D-8B9D-448306C833D6}.BetaBundle|Any CPU.ActiveCfg = Release|x64
		{446A85D9-55EB-4C7D-8B9D-448306C833D6}.BetaBundle|Any CPU.Build.0 = Release|x64
		{446A85D9-55EB-4C7D-8B9D-448306C833D6}.BetaBundle|ARM.ActiveCfg = Release|ARM
		{446A85D9-55EB-4C7D-8B9D-448306C833D6}.BetaBundle|ARM.Build.0 = Release|ARM
		{446A85D9-55EB-4C7D-8B9D-448306C833D6}.BetaBundle|x64.ActiveCfg = Release|x64
		{446A85D9-55EB-4C7D-8B9D-448306C833D6}.BetaBundle|x64.Build.0 = Release|x64
		{446A85D9-55EB-4C7D-8B9D-448306C833D6}.BetaBundle|x86.ActiveCfg = Release|x86
		{446A85D9-55EB-4C7D-8B9D-448306C833D6}.BetaBundle|x86.Build.0 = Release|x86
		{446A85D9-55EB-4C7D-8B9D-448306C833D6}.Debug|Any CPU.ActiveCfg = Debug|x86
		{446A85D9-55EB-4C7D-8B9D-448306C833D6}.Debug|ARM.ActiveCfg = Debug|ARM
		{446A85D9-55EB-4C7D-8B9D-448306C833D6}.Debug|ARM.Build.0 = Debug|ARM
		{446A85D9-55EB-4C7D-8B9D-448306C833D6}.Debug|x64.ActiveCfg = Debug|x64
		{446A85D9-55EB-4C7D-8B9D-448306C833D6}.Debug|x64.Build.0 = Debug|x64
		{446A85D9-55EB-4C7D-8B9D-448306C833D6}.Debug|x86.ActiveCfg = Debug|x86
		{446A85D9-55EB-4C7D-8B9D-448306C833D6}.Debug|x86.Build.0 = Debug|x86
		{446A85D9-55EB-4C7D-8B9D-448306C833D6}.DebugBundle|Any CPU.ActiveCfg = Release|x64
		{446A85D9-55EB-4C7D-8B9D-448306C833D6}.DebugBundle|Any CPU.Build.0 = Release|x64
		{446A85D9-55EB-4C7D-8B9D-448306C833D6}.DebugBundle|ARM.ActiveCfg = Debug|ARM
		{446A85D9-55EB-4C7D-8B9D-448306C833D6}.DebugBundle|ARM.Build.0 = Debug|ARM
		{446A85D9-55EB-4C7D-8B9D-448306C833D6}.DebugBundle|x64.ActiveCfg = Debug|x64
		{446A85D9-55EB-4C7D-8B9D-448306C833D6}.DebugBundle|x64.Build.0 = Debug|x64
		{446A85D9-55EB-4C7D-8B9D-448306C833D6}.DebugBundle|x86.ActiveCfg = Debug|x86
		{446A85D9-55EB-4C7D-8B9D-448306C833D6}.DebugBundle|x86.Build.0 = Debug|x86
		{446A85D9-55EB-4C7D-8B9D-448306C833D6}.Development|Any CPU.ActiveCfg = Release|x64
		{446A85D9-55EB-4C7D-8B9D-448306C833D6}.Development|Any CPU.Build.0 = Release|x64
		{446A85D9-55EB-4C7D-8B9D-448306C833D6}.Development|ARM.ActiveCfg = Debug|ARM
		{446A85D9-55EB-4C7D-8B9D-448306C833D6}.Development|ARM.Build.0 = Debug|ARM
		{446A85D9-55EB-4C7D-8B9D-448306C833D6}.Development|x64.ActiveCfg = Debug|x64
		{446A85D9-55EB-4C7D-8B9D-448306C833D6}.Development|x64.Build.0 = Debug|x64
		{446A85D9-55EB-4C7D-8B9D-448306C833D6}.Development|x86.ActiveCfg = Debug|x86
		{446A85D9-55EB-4C7D-8B9D-448306C833D6}.Development|x86.Build.0 = Debug|x86
		{446A85D9-55EB-4C7D-8B9D-448306C833D6}.Release|Any CPU.ActiveCfg = Release|x86
		{446A85D9-55EB-4C7D-8B9D-448306C833D6}.Release|ARM.ActiveCfg = Release|ARM
		{446A85D9-55EB-4C7D-8B9D-448306C833D6}.Release|ARM.Build.0 = Release|ARM
		{446A85D9-55EB-4C7D-8B9D-448306C833D6}.Release|x64.ActiveCfg = Release|x64
		{446A85D9-55EB-4C7D-8B9D-448306C833D6}.Release|x64.Build.0 = Release|x64
		{446A85D9-55EB-4C7D-8B9D-448306C833D6}.Release|x86.ActiveCfg = Release|x86
		{446A85D9-55EB-4C7D-8B9D-448306C833D6}.Release|x86.Build.0 = Release|x86
		{446A85D9-55EB-4C7D-8B9D-448306C833D6}.ReleaseBundle|Any CPU.ActiveCfg = Release|x64
		{446A85D9-55EB-4C7D-8B9D-448306C833D6}.ReleaseBundle|Any CPU.Build.0 = Release|x64
		{446A85D9-55EB-4C7D-8B9D-448306C833D6}.ReleaseBundle|ARM.ActiveCfg = Release|ARM
		{446A85D9-55EB-4C7D-8B9D-448306C833D6}.ReleaseBundle|ARM.Build.0 = Release|ARM
		{446A85D9-55EB-4C7D-8B9D-448306C833D6}.ReleaseBundle|x64.ActiveCfg = Release|x64
		{446A85D9-55EB-4C7D-8B9D-448306C833D6}.ReleaseBundle|x64.Build.0 = Release|x64
		{446A85D9-55EB-4C7D-8B9D-448306C833D6}.ReleaseBundle|x86.ActiveCfg = Release|x86
		{446A85D9-55EB-4C7D-8B9D-448306C833D6}.ReleaseBundle|x86.Build.0 = Release|x86
		{4ACDD44C-E556-423E-BD74-B4CEF3E67FF0}.Beta|Any CPU.ActiveCfg = Release|Any CPU
		{4ACDD44C-E556-423E-BD74-B4CEF3E67FF0}.Beta|Any CPU.Build.0 = Release|Any CPU
		{4ACDD44C-E556-423E-BD74-B4CEF3E67FF0}.Beta|ARM.ActiveCfg = Release|ARM
		{4ACDD44C-E556-423E-BD74-B4CEF3E67FF0}.Beta|ARM.Build.0 = Release|ARM
		{4ACDD44C-E556-423E-BD74-B4CEF3E67FF0}.Beta|x64.ActiveCfg = Release|x64
		{4ACDD44C-E556-423E-BD74-B4CEF3E67FF0}.Beta|x64.Build.0 = Release|x64
		{4ACDD44C-E556-423E-BD74-B4CEF3E67FF0}.Beta|x86.ActiveCfg = Release|x86
		{4ACDD44C-E556-423E-BD74-B4CEF3E67FF0}.Beta|x86.Build.0 = Release|x86
		{4ACDD44C-E556-423E-BD74-B4CEF3E67FF0}.BetaBundle|Any CPU.ActiveCfg = Release|Any CPU
		{4ACDD44C-E556-423E-BD74-B4CEF3E67FF0}.BetaBundle|Any CPU.Build.0 = Release|Any CPU
		{4ACDD44C-E556-423E-BD74-B4CEF3E67FF0}.BetaBundle|ARM.ActiveCfg = Release|ARM
		{4ACDD44C-E556-423E-BD74-B4CEF3E67FF0}.BetaBundle|ARM.Build.0 = Release|ARM
		{4ACDD44C-E556-423E-BD74-B4CEF3E67FF0}.BetaBundle|x64.ActiveCfg = Release|x64
		{4ACDD44C-E556-423E-BD74-B4CEF3E67FF0}.BetaBundle|x64.Build.0 = Release|x64
		{4ACDD44C-E556-423E-BD74-B4CEF3E67FF0}.BetaBundle|x86.ActiveCfg = Release|x86
		{4ACDD44C-E556-423E-BD74-B4CEF3E67FF0}.BetaBundle|x86.Build.0 = Release|x86
		{4ACDD44C-E556-423E-BD74-B4CEF3E67FF0}.Debug|Any CPU.ActiveCfg = Debug|Any CPU
		{4ACDD44C-E556-423E-BD74-B4CEF3E67FF0}.Debug|Any CPU.Build.0 = Debug|Any CPU
		{4ACDD44C-E556-423E-BD74-B4CEF3E67FF0}.Debug|ARM.ActiveCfg = Debug|ARM
		{4ACDD44C-E556-423E-BD74-B4CEF3E67FF0}.Debug|ARM.Build.0 = Debug|ARM
		{4ACDD44C-E556-423E-BD74-B4CEF3E67FF0}.Debug|x64.ActiveCfg = Debug|x64
		{4ACDD44C-E556-423E-BD74-B4CEF3E67FF0}.Debug|x64.Build.0 = Debug|x64
		{4ACDD44C-E556-423E-BD74-B4CEF3E67FF0}.Debug|x86.ActiveCfg = Debug|x86
		{4ACDD44C-E556-423E-BD74-B4CEF3E67FF0}.Debug|x86.Build.0 = Debug|x86
		{4ACDD44C-E556-423E-BD74-B4CEF3E67FF0}.DebugBundle|Any CPU.ActiveCfg = Debug|Any CPU
		{4ACDD44C-E556-423E-BD74-B4CEF3E67FF0}.DebugBundle|Any CPU.Build.0 = Debug|Any CPU
		{4ACDD44C-E556-423E-BD74-B4CEF3E67FF0}.DebugBundle|ARM.ActiveCfg = Debug|ARM
		{4ACDD44C-E556-423E-BD74-B4CEF3E67FF0}.DebugBundle|ARM.Build.0 = Debug|ARM
		{4ACDD44C-E556-423E-BD74-B4CEF3E67FF0}.DebugBundle|x64.ActiveCfg = Debug|x64
		{4ACDD44C-E556-423E-BD74-B4CEF3E67FF0}.DebugBundle|x64.Build.0 = Debug|x64
		{4ACDD44C-E556-423E-BD74-B4CEF3E67FF0}.DebugBundle|x86.ActiveCfg = Debug|x86
		{4ACDD44C-E556-423E-BD74-B4CEF3E67FF0}.DebugBundle|x86.Build.0 = Debug|x86
		{4ACDD44C-E556-423E-BD74-B4CEF3E67FF0}.Development|Any CPU.ActiveCfg = Development|Any CPU
		{4ACDD44C-E556-423E-BD74-B4CEF3E67FF0}.Development|Any CPU.Build.0 = Development|Any CPU
		{4ACDD44C-E556-423E-BD74-B4CEF3E67FF0}.Development|ARM.ActiveCfg = Development|ARM
		{4ACDD44C-E556-423E-BD74-B4CEF3E67FF0}.Development|ARM.Build.0 = Development|ARM
		{4ACDD44C-E556-423E-BD74-B4CEF3E67FF0}.Development|x64.ActiveCfg = Development|x64
		{4ACDD44C-E556-423E-BD74-B4CEF3E67FF0}.Development|x64.Build.0 = Development|x64
		{4ACDD44C-E556-423E-BD74-B4CEF3E67FF0}.Development|x86.ActiveCfg = Development|x86
		{4ACDD44C-E556-423E-BD74-B4CEF3E67FF0}.Development|x86.Build.0 = Development|x86
		{4ACDD44C-E556-423E-BD74-B4CEF3E67FF0}.Release|Any CPU.ActiveCfg = Release|Any CPU
		{4ACDD44C-E556-423E-BD74-B4CEF3E67FF0}.Release|Any CPU.Build.0 = Release|Any CPU
		{4ACDD44C-E556-423E-BD74-B4CEF3E67FF0}.Release|ARM.ActiveCfg = Release|ARM
		{4ACDD44C-E556-423E-BD74-B4CEF3E67FF0}.Release|ARM.Build.0 = Release|ARM
		{4ACDD44C-E556-423E-BD74-B4CEF3E67FF0}.Release|x64.ActiveCfg = Release|x64
		{4ACDD44C-E556-423E-BD74-B4CEF3E67FF0}.Release|x64.Build.0 = Release|x64
		{4ACDD44C-E556-423E-BD74-B4CEF3E67FF0}.Release|x86.ActiveCfg = Release|x86
		{4ACDD44C-E556-423E-BD74-B4CEF3E67FF0}.Release|x86.Build.0 = Release|x86
		{4ACDD44C-E556-423E-BD74-B4CEF3E67FF0}.ReleaseBundle|Any CPU.ActiveCfg = Release|Any CPU
		{4ACDD44C-E556-423E-BD74-B4CEF3E67FF0}.ReleaseBundle|Any CPU.Build.0 = Release|Any CPU
		{4ACDD44C-E556-423E-BD74-B4CEF3E67FF0}.ReleaseBundle|ARM.ActiveCfg = Release|ARM
		{4ACDD44C-E556-423E-BD74-B4CEF3E67FF0}.ReleaseBundle|ARM.Build.0 = Release|ARM
		{4ACDD44C-E556-423E-BD74-B4CEF3E67FF0}.ReleaseBundle|x64.ActiveCfg = Release|x64
		{4ACDD44C-E556-423E-BD74-B4CEF3E67FF0}.ReleaseBundle|x64.Build.0 = Release|x64
		{4ACDD44C-E556-423E-BD74-B4CEF3E67FF0}.ReleaseBundle|x86.ActiveCfg = Release|x86
		{4ACDD44C-E556-423E-BD74-B4CEF3E67FF0}.ReleaseBundle|x86.Build.0 = Release|x86
		{746610D0-8693-11E7-A20D-BF83F7366778}.Beta|Any CPU.ActiveCfg = Release|x64
		{746610D0-8693-11E7-A20D-BF83F7366778}.Beta|Any CPU.Build.0 = Release|x64
		{746610D0-8693-11E7-A20D-BF83F7366778}.Beta|ARM.ActiveCfg = Release|ARM
		{746610D0-8693-11E7-A20D-BF83F7366778}.Beta|ARM.Build.0 = Release|ARM
		{746610D0-8693-11E7-A20D-BF83F7366778}.Beta|x64.ActiveCfg = Release|x64
		{746610D0-8693-11E7-A20D-BF83F7366778}.Beta|x64.Build.0 = Release|x64
		{746610D0-8693-11E7-A20D-BF83F7366778}.Beta|x86.ActiveCfg = Release|x86
		{746610D0-8693-11E7-A20D-BF83F7366778}.Beta|x86.Build.0 = Release|x86
		{746610D0-8693-11E7-A20D-BF83F7366778}.BetaBundle|Any CPU.ActiveCfg = Release|x64
		{746610D0-8693-11E7-A20D-BF83F7366778}.BetaBundle|Any CPU.Build.0 = Release|x64
		{746610D0-8693-11E7-A20D-BF83F7366778}.BetaBundle|ARM.ActiveCfg = Release|ARM
		{746610D0-8693-11E7-A20D-BF83F7366778}.BetaBundle|ARM.Build.0 = Release|ARM
		{746610D0-8693-11E7-A20D-BF83F7366778}.BetaBundle|x64.ActiveCfg = Release|x64
		{746610D0-8693-11E7-A20D-BF83F7366778}.BetaBundle|x64.Build.0 = Release|x64
		{746610D0-8693-11E7-A20D-BF83F7366778}.BetaBundle|x86.ActiveCfg = Release|x86
		{746610D0-8693-11E7-A20D-BF83F7366778}.BetaBundle|x86.Build.0 = Release|x86
		{746610D0-8693-11E7-A20D-BF83F7366778}.Debug|Any CPU.ActiveCfg = Debug|x86
		{746610D0-8693-11E7-A20D-BF83F7366778}.Debug|ARM.ActiveCfg = Debug|ARM
		{746610D0-8693-11E7-A20D-BF83F7366778}.Debug|ARM.Build.0 = Debug|ARM
		{746610D0-8693-11E7-A20D-BF83F7366778}.Debug|x64.ActiveCfg = Debug|x64
		{746610D0-8693-11E7-A20D-BF83F7366778}.Debug|x64.Build.0 = Debug|x64
		{746610D0-8693-11E7-A20D-BF83F7366778}.Debug|x86.ActiveCfg = Debug|x86
		{746610D0-8693-11E7-A20D-BF83F7366778}.Debug|x86.Build.0 = Debug|x86
		{746610D0-8693-11E7-A20D-BF83F7366778}.DebugBundle|Any CPU.ActiveCfg = Release|x64
		{746610D0-8693-11E7-A20D-BF83F7366778}.DebugBundle|Any CPU.Build.0 = Release|x64
		{746610D0-8693-11E7-A20D-BF83F7366778}.DebugBundle|ARM.ActiveCfg = Debug|ARM
		{746610D0-8693-11E7-A20D-BF83F7366778}.DebugBundle|ARM.Build.0 = Debug|ARM
		{746610D0-8693-11E7-A20D-BF83F7366778}.DebugBundle|x64.ActiveCfg = Debug|x64
		{746610D0-8693-11E7-A20D-BF83F7366778}.DebugBundle|x64.Build.0 = Debug|x64
		{746610D0-8693-11E7-A20D-BF83F7366778}.DebugBundle|x86.ActiveCfg = Debug|x86
		{746610D0-8693-11E7-A20D-BF83F7366778}.DebugBundle|x86.Build.0 = Debug|x86
		{746610D0-8693-11E7-A20D-BF83F7366778}.Development|Any CPU.ActiveCfg = Development|x86
		{746610D0-8693-11E7-A20D-BF83F7366778}.Development|ARM.ActiveCfg = Development|ARM
		{746610D0-8693-11E7-A20D-BF83F7366778}.Development|ARM.Build.0 = Development|ARM
		{746610D0-8693-11E7-A20D-BF83F7366778}.Development|x64.ActiveCfg = Development|x64
		{746610D0-8693-11E7-A20D-BF83F7366778}.Development|x64.Build.0 = Development|x64
		{746610D0-8693-11E7-A20D-BF83F7366778}.Development|x86.ActiveCfg = Development|x86
		{746610D0-8693-11E7-A20D-BF83F7366778}.Development|x86.Build.0 = Development|x86
		{746610D0-8693-11E7-A20D-BF83F7366778}.Release|Any CPU.ActiveCfg = Release|x86
		{746610D0-8693-11E7-A20D-BF83F7366778}.Release|ARM.ActiveCfg = Release|ARM
		{746610D0-8693-11E7-A20D-BF83F7366778}.Release|ARM.Build.0 = Release|ARM
		{746610D0-8693-11E7-A20D-BF83F7366778}.Release|x64.ActiveCfg = Release|x64
		{746610D0-8693-11E7-A20D-BF83F7366778}.Release|x64.Build.0 = Release|x64
		{746610D0-8693-11E7-A20D-BF83F7366778}.Release|x86.ActiveCfg = Release|x86
		{746610D0-8693-11E7-A20D-BF83F7366778}.Release|x86.Build.0 = Release|x86
		{746610D0-8693-11E7-A20D-BF83F7366778}.ReleaseBundle|Any CPU.ActiveCfg = Release|x64
		{746610D0-8693-11E7-A20D-BF83F7366778}.ReleaseBundle|Any CPU.Build.0 = Release|x64
		{746610D0-8693-11E7-A20D-BF83F7366778}.ReleaseBundle|ARM.ActiveCfg = Release|ARM
		{746610D0-8693-11E7-A20D-BF83F7366778}.ReleaseBundle|ARM.Build.0 = Release|ARM
		{746610D0-8693-11E7-A20D-BF83F7366778}.ReleaseBundle|x64.ActiveCfg = Release|x64
		{746610D0-8693-11E7-A20D-BF83F7366778}.ReleaseBundle|x64.Build.0 = Release|x64
		{746610D0-8693-11E7-A20D-BF83F7366778}.ReleaseBundle|x86.ActiveCfg = Release|x86
		{746610D0-8693-11E7-A20D-BF83F7366778}.ReleaseBundle|x86.Build.0 = Release|x86
	EndGlobalSection
	GlobalSection(SolutionProperties) = preSolution
		HideSolutionNode = FALSE
	EndGlobalSection
	GlobalSection(ExtensibilityGlobals) = postSolution
		SolutionGuid = {2C5CB0B7-847A-4B5A-9111-4953399A6EAE}
	EndGlobalSection
EndGlobal
